
Microsoft Visual Studio Solution File, Format Version 11.00
# Visual Studio 2010
Project("{FAE04EC0-301F-11D3-BF4B-00C04F79EFBC}") = "Avmt.Test", "Avmt.Test\Avmt.Test.csproj", "{E299D3D0-F353-4CFB-AC09-119566CEA59B}"
EndProject
Global
	GlobalSection(SolutionConfigurationPlatforms) = preSolution
		Debug|x86 = Debug|x86
		Release|x86 = Release|x86
	EndGlobalSection
	GlobalSection(ProjectConfigurationPlatforms) = postSolution
		{E299D3D0-F353-4CFB-AC09-119566CEA59B}.Debug|x86.ActiveCfg = Debug|x86
		{E299D3D0-F353-4CFB-AC09-119566CEA59B}.Debug|x86.Build.0 = Debug|x86
		{E299D3D0-F353-4CFB-AC09-119566CEA59B}.Release|x86.ActiveCfg = Release|x86
		{E299D3D0-F353-4CFB-AC09-119566CEA59B}.Release|x86.Build.0 = Release|x86
	EndGlobalSection
	GlobalSection(SolutionProperties) = preSolution
		HideSolutionNode = FALSE
	EndGlobalSection
EndGlobal
